# This file is automatically @generated by Cargo.
# It is not intended for manual editing.
[[package]]
name = "fom-tools-cli"
version = "0.1.0"

[[package]]
name = "fom-tools-lib"
version = "0.1.0"
dependencies = [
 "xmltree",
]

[[package]]
name = "xml-rs"
version = "0.8.3"
source = "registry+https://github.com/rust-lang/crates.io-index"
checksum = "b07db065a5cf61a7e4ba64f29e67db906fb1787316516c4e6e5ff0fea1efcd8a"

[[package]]
name = "xmltree"
version = "0.10.2"
source = "registry+https://github.com/rust-lang/crates.io-index"
checksum = "d046fd42d4137234742eae0d05b4fb6fbdda9aed7c78e523ae890fd87c7e11dd"
dependencies = [
 "xml-rs",
]
